
Microsoft Visual Studio Solution File, Format Version 12.00
# Visual Studio Version 16
VisualStudioVersion = 16.0.28803.202
MinimumVisualStudioVersion = 10.0.40219.1
Project("{FAE04EC0-301F-11D3-BF4B-00C04F79EFBC}") = "Example.Server", "Example.Server\Example.Server.csproj", "{7A84D634-2F0A-476D-A3D0-6F531D57BDE8}"
EndProject
Project("{FAE04EC0-301F-11D3-BF4B-00C04F79EFBC}") = "Example.Api", "Example.Api\Example.Api.csproj", "{0164D727-5CF9-4C03-A323-747BCAC15334}"
EndProject
Global
	GlobalSection(SolutionConfigurationPlatforms) = preSolution
		Debug|Any CPU = Debug|Any CPU
		Release|Any CPU = Release|Any CPU
	EndGlobalSection
	GlobalSection(ProjectConfigurationPlatforms) = postSolution
		{7A84D634-2F0A-476D-A3D0-6F531D57BDE8}.Debug|Any CPU.ActiveCfg = Debug|Any CPU
		{7A84D634-2F0A-476D-A3D0-6F531D57BDE8}.Debug|Any CPU.Build.0 = Debug|Any CPU
		{7A84D634-2F0A-476D-A3D0-6F531D57BDE8}.Release|Any CPU.ActiveCfg = Release|Any CPU
		{7A84D634-2F0A-476D-A3D0-6F531D57BDE8}.Release|Any CPU.Build.0 = Release|Any CPU
		{0164D727-5CF9-4C03-A323-747BCAC15334}.Debug|Any CPU.ActiveCfg = Debug|Any CPU
		{0164D727-5CF9-4C03-A323-747BCAC15334}.Debug|Any CPU.Build.0 = Debug|Any CPU
		{0164D727-5CF9-4C03-A323-747BCAC15334}.Release|Any CPU.ActiveCfg = Release|Any CPU
		{0164D727-5CF9-4C03-A323-747BCAC15334}.Release|Any CPU.Build.0 = Release|Any CPU
	EndGlobalSection
	GlobalSection(SolutionProperties) = preSolution
		HideSolutionNode = FALSE
	EndGlobalSection
	GlobalSection(ExtensibilityGlobals) = postSolution
		SolutionGuid = {B7105570-B8B3-4135-8AAD-5E3D13E2D2D4}
	EndGlobalSection
EndGlobal
