
Microsoft Visual Studio Solution File, Format Version 12.00
# Visual Studio Version 17
VisualStudioVersion = 17.0.31903.59
MinimumVisualStudioVersion = 10.0.40219.1
Project("{9A19103F-16F7-4668-BE54-9A1E7A4F7556}") = "Rester", "Rester\Rester.csproj", "{07570605-7ADF-4F82-A587-4B86059FE231}"
EndProject
Project("{9A19103F-16F7-4668-BE54-9A1E7A4F7556}") = "Rester.Serializers.Newtonsoft.Json", "Rester.Serializers.Newtonsoft.Json\Rester.Serializers.Newtonsoft.Json.csproj", "{1FD7FF68-8492-4729-9192-CFEC2CC640C1}"
EndProject
Project("{2150E333-8FDC-42A3-9474-1A3956D46DE8}") = "Solution Items", "Solution Items", "{A6DAD21E-55AF-4FD0-9104-792974033120}"
	ProjectSection(SolutionItems) = preProject
		.editorconfig = .editorconfig
		.gitattributes = .gitattributes
		.gitignore = .gitignore
		Directory.Build.props = Directory.Build.props
		Directory.Build.targets = Directory.Build.targets
		LICENSE = LICENSE
		README.md = README.md
		Rester.ruleset = Rester.ruleset
		Rester.sln.DotSettings = Rester.sln.DotSettings
	EndProjectSection
EndProject
Project("{9A19103F-16F7-4668-BE54-9A1E7A4F7556}") = "Example.Client", "Example.Client\Example.Client.csproj", "{4A5B659E-D739-4D7D-BB5B-6F93B05356BC}"
EndProject
Project("{9A19103F-16F7-4668-BE54-9A1E7A4F7556}") = "Rester.Serializers.System.Text.Json", "Rester.Serializers.System.Text.Json\Rester.Serializers.System.Text.Json.csproj", "{4F999A64-652C-4206-AC7D-034A53A193F5}"
EndProject
Global
	GlobalSection(SolutionConfigurationPlatforms) = preSolution
		Debug|Any CPU = Debug|Any CPU
		Release|Any CPU = Release|Any CPU
	EndGlobalSection
	GlobalSection(ProjectConfigurationPlatforms) = postSolution
		{07570605-7ADF-4F82-A587-4B86059FE231}.Debug|Any CPU.ActiveCfg = Debug|Any CPU
		{07570605-7ADF-4F82-A587-4B86059FE231}.Debug|Any CPU.Build.0 = Debug|Any CPU
		{07570605-7ADF-4F82-A587-4B86059FE231}.Release|Any CPU.ActiveCfg = Release|Any CPU
		{07570605-7ADF-4F82-A587-4B86059FE231}.Release|Any CPU.Build.0 = Release|Any CPU
		{1FD7FF68-8492-4729-9192-CFEC2CC640C1}.Debug|Any CPU.ActiveCfg = Debug|Any CPU
		{1FD7FF68-8492-4729-9192-CFEC2CC640C1}.Debug|Any CPU.Build.0 = Debug|Any CPU
		{1FD7FF68-8492-4729-9192-CFEC2CC640C1}.Release|Any CPU.ActiveCfg = Release|Any CPU
		{1FD7FF68-8492-4729-9192-CFEC2CC640C1}.Release|Any CPU.Build.0 = Release|Any CPU
		{4A5B659E-D739-4D7D-BB5B-6F93B05356BC}.Debug|Any CPU.ActiveCfg = Debug|Any CPU
		{4A5B659E-D739-4D7D-BB5B-6F93B05356BC}.Debug|Any CPU.Build.0 = Debug|Any CPU
		{4A5B659E-D739-4D7D-BB5B-6F93B05356BC}.Release|Any CPU.ActiveCfg = Release|Any CPU
		{4A5B659E-D739-4D7D-BB5B-6F93B05356BC}.Release|Any CPU.Build.0 = Release|Any CPU
		{4F999A64-652C-4206-AC7D-034A53A193F5}.Debug|Any CPU.ActiveCfg = Debug|Any CPU
		{4F999A64-652C-4206-AC7D-034A53A193F5}.Debug|Any CPU.Build.0 = Debug|Any CPU
		{4F999A64-652C-4206-AC7D-034A53A193F5}.Release|Any CPU.ActiveCfg = Release|Any CPU
		{4F999A64-652C-4206-AC7D-034A53A193F5}.Release|Any CPU.Build.0 = Release|Any CPU
	EndGlobalSection
	GlobalSection(SolutionProperties) = preSolution
		HideSolutionNode = FALSE
	EndGlobalSection
	GlobalSection(ExtensibilityGlobals) = postSolution
		SolutionGuid = {C85A0956-DA99-48BF-B6C9-1BF018B3BE99}
	EndGlobalSection
EndGlobal
