<Solution>
  <Folder Name="/Solution Items/">
    <File Path=".editorconfig" />
    <File Path=".gitattributes" />
    <File Path=".gitignore" />
    <File Path="Analyzers.ruleset" />
    <File Path="Directory.Build.props" />
    <File Path="Directory.Build.targets" />
    <File Path="LICENSE" />
    <File Path="README.md" />
    <File Path="Rester.sln.DotSettings" />
  </Folder>
  <Project Path="Rester/Rester.csproj" />
  <Project Path="Example.Client/Example.Client.csproj" />
</Solution>
