<Solution>
  <Folder Name="/Example/">
    <Project Path="Example.Client/Example.Client.csproj" />
    <Project Path="Example.Server/Example.Server.csproj" />
  </Folder>
  <Folder Name="/Library/">
    <Project Path="Rester/Rester.csproj" />
  </Folder>
  <Folder Name="/Solution Items/">
    <File Path=".editorconfig" />
    <File Path=".gitattributes" />
    <File Path=".gitignore" />
    <File Path="AGENTS.md" />
    <File Path="Analyzers.ruleset" />
    <File Path="CLAUDE.md" />
    <File Path="Directory.Build.props" />
    <File Path="Directory.Build.targets" />
    <File Path="LICENSE" />
    <File Path="README.md" />
    <File Path="Rester.sln.DotSettings" />
  </Folder>
  <Folder Name="/Tests/">
    <Project Path="Rester.Tests/Rester.Tests.csproj" />
  </Folder>
</Solution>
